
Microsoft Visual Studio Solution File, Format Version 12.00
# Visual Studio 15
VisualStudioVersion = 15.0.27703.2047
MinimumVisualStudioVersion = 10.0.40219.1
Project("{FAE04EC0-301F-11D3-BF4B-00C04F79EFBC}") = "DesenvolvimentoWeb.Vendas", "DesenvolvimentoWeb.Vendas\DesenvolvimentoWeb.Vendas.csproj", "{224511C6-2377-4A78-B4AB-45A2A77612EC}"
EndProject
Global
	GlobalSection(SolutionConfigurationPlatforms) = preSolution
		Debug|Any CPU = Debug|Any CPU
		Release|Any CPU = Release|Any CPU
	EndGlobalSection
	GlobalSection(ProjectConfigurationPlatforms) = postSolution
		{224511C6-2377-4A78-B4AB-45A2A77612EC}.Debug|Any CPU.ActiveCfg = Debug|Any CPU
		{224511C6-2377-4A78-B4AB-45A2A77612EC}.Debug|Any CPU.Build.0 = Debug|Any CPU
		{224511C6-2377-4A78-B4AB-45A2A77612EC}.Release|Any CPU.ActiveCfg = Release|Any CPU
		{224511C6-2377-4A78-B4AB-45A2A77612EC}.Release|Any CPU.Build.0 = Release|Any CPU
	EndGlobalSection
	GlobalSection(SolutionProperties) = preSolution
		HideSolutionNode = FALSE
	EndGlobalSection
	GlobalSection(ExtensibilityGlobals) = postSolution
		SolutionGuid = {DCF08BA3-0A33-4EAA-B66C-6A0B0EAA14BE}
	EndGlobalSection
EndGlobal
