
Microsoft Visual Studio Solution File, Format Version 12.00
# Visual Studio 15
VisualStudioVersion = 15.0.27703.2047
MinimumVisualStudioVersion = 10.0.40219.1
Project("{FAE04EC0-301F-11D3-BF4B-00C04F79EFBC}") = "Projeto01_ConceitosWebAPI", "Projeto01_ConceitosWebAPI\Projeto01_ConceitosWebAPI.csproj", "{6A2FEC3C-BFDD-4530-B128-728DD45B6183}"
EndProject
Global
	GlobalSection(SolutionConfigurationPlatforms) = preSolution
		Debug|Any CPU = Debug|Any CPU
		Release|Any CPU = Release|Any CPU
	EndGlobalSection
	GlobalSection(ProjectConfigurationPlatforms) = postSolution
		{6A2FEC3C-BFDD-4530-B128-728DD45B6183}.Debug|Any CPU.ActiveCfg = Debug|Any CPU
		{6A2FEC3C-BFDD-4530-B128-728DD45B6183}.Debug|Any CPU.Build.0 = Debug|Any CPU
		{6A2FEC3C-BFDD-4530-B128-728DD45B6183}.Release|Any CPU.ActiveCfg = Release|Any CPU
		{6A2FEC3C-BFDD-4530-B128-728DD45B6183}.Release|Any CPU.Build.0 = Release|Any CPU
	EndGlobalSection
	GlobalSection(SolutionProperties) = preSolution
		HideSolutionNode = FALSE
	EndGlobalSection
	GlobalSection(ExtensibilityGlobals) = postSolution
		SolutionGuid = {34F5FA0E-348A-41D5-8EE3-244CF62CBACB}
	EndGlobalSection
EndGlobal
